
Microsoft Visual Studio Solution File, Format Version 12.00
Project("{FAE04EC0-301F-11D3-BF4B-00C04F79EFBC}") = "CW2_s30221", "CW2_s30221\CW2_s30221.csproj", "{02768CCE-2664-4B9D-A3E1-324A564E12B7}"
EndProject
Global
	GlobalSection(SolutionConfigurationPlatforms) = preSolution
		Debug|Any CPU = Debug|Any CPU
		Release|Any CPU = Release|Any CPU
	EndGlobalSection
	GlobalSection(ProjectConfigurationPlatforms) = postSolution
		{02768CCE-2664-4B9D-A3E1-324A564E12B7}.Debug|Any CPU.ActiveCfg = Debug|Any CPU
		{02768CCE-2664-4B9D-A3E1-324A564E12B7}.Debug|Any CPU.Build.0 = Debug|Any CPU
		{02768CCE-2664-4B9D-A3E1-324A564E12B7}.Release|Any CPU.ActiveCfg = Release|Any CPU
		{02768CCE-2664-4B9D-A3E1-324A564E12B7}.Release|Any CPU.Build.0 = Release|Any CPU
	EndGlobalSection
EndGlobal
